// !$*UTF8*$!
{
	archiveVersion = 1;
	classes = {
	};
	objectVersion = 50;
	objects = {

/* Begin PBXBuildFile section */
		119F77F824AB842A00341C7E /* AppDelegate.swift in Sources */ = {isa = PBXBuildFile; fileRef = 119F77F724AB842A00341C7E /* AppDelegate.swift */; };
		119F77FA24AB842A00341C7E /* SceneDelegate.swift in Sources */ = {isa = PBXBuildFile; fileRef = 119F77F924AB842A00341C7E /* SceneDelegate.swift */; };
		119F77FD24AB842A00341C7E /* Tarea_9APP.xcdatamodeld in Sources */ = {isa = PBXBuildFile; fileRef = 119F77FB24AB842A00341C7E /* Tarea_9APP.xcdatamodeld */; };
		119F77FF24AB842A00341C7E /* ContentView.swift in Sources */ = {isa = PBXBuildFile; fileRef = 119F77FE24AB842A00341C7E /* ContentView.swift */; };
		119F780124AB842C00341C7E /* Assets.xcassets in Resources */ = {isa = PBXBuildFile; fileRef = 119F780024AB842C00341C7E /* Assets.xcassets */; };
		119F780424AB842C00341C7E /* Preview Assets.xcassets in Resources */ = {isa = PBXBuildFile; fileRef = 119F780324AB842C00341C7E /* Preview Assets.xcassets */; };
		119F780724AB842C00341C7E /* LaunchScreen.storyboard in Resources */ = {isa = PBXBuildFile; fileRef = 119F780524AB842C00341C7E /* LaunchScreen.storyboard */; };
		119F781224AB842D00341C7E /* Tarea_9APPTests.swift in Sources */ = {isa = PBXBuildFile; fileRef = 119F781124AB842D00341C7E /* Tarea_9APPTests.swift */; };
		119F781D24AB842D00341C7E /* Tarea_9APPUITests.swift in Sources */ = {isa = PBXBuildFile; fileRef = 119F781C24AB842D00341C7E /* Tarea_9APPUITests.swift */; };
/* End PBXBuildFile section */

/* Begin PBXContainerItemProxy section */
		119F780E24AB842D00341C7E /* PBXContainerItemProxy */ = {
			isa = PBXContainerItemProxy;
			containerPortal = 119F77EC24AB842A00341C7E /* Project object */;
			proxyType = 1;
			remoteGlobalIDString = 119F77F324AB842A00341C7E;
			remoteInfo = "Tarea 9APP";
		};
		119F781924AB842D00341C7E /* PBXContainerItemProxy */ = {
			isa = PBXContainerItemProxy;
			containerPortal = 119F77EC24AB842A00341C7E /* Project object */;
			proxyType = 1;
			remoteGlobalIDString = 119F77F324AB842A00341C7E;
			remoteInfo = "Tarea 9APP";
		};
/* End PBXContainerItemProxy section */

/* Begin PBXFileReference section */
		119F77F424AB842A00341C7E /* Tarea 9APP.app */ = {isa = PBXFileReference; explicitFileType = wrapper.application; includeInIndex = 0; path = "Tarea 9APP.app"; sourceTree = BUILT_PRODUCTS_DIR; };
		119F77F724AB842A00341C7E /* AppDelegate.swift */ = {isa = PBXFileReference; lastKnownFileType = sourcecode.swift; path = AppDelegate.swift; sourceTree = "<group>"; };
		119F77F924AB842A00341C7E /* SceneDelegate.swift */ = {isa = PBXFileReference; lastKnownFileType = sourcecode.swift; path = SceneDelegate.swift; sourceTree = "<group>"; };
		119F77FC24AB842A00341C7E /* Tarea_9APP.xcdatamodel */ = {isa = PBXFileReference; lastKnownFileType = wrapper.xcdatamodel; path = Tarea_9APP.xcdatamodel; sourceTree = "<group>"; };
		119F77FE24AB842A00341C7E /* ContentView.swift */ = {isa = PBXFileReference; lastKnownFileType = sourcecode.swift; path = ContentView.swift; sourceTree = "<group>"; };
		119F780024AB842C00341C7E /* Assets.xcassets */ = {isa = PBXFileReference; lastKnownFileType = folder.assetcatalog; path = Assets.xcassets; sourceTree = "<group>"; };
		119F780324AB842C00341C7E /* Preview Assets.xcassets */ = {isa = PBXFileReference; lastKnownFileType = folder.assetcatalog; path = "Preview Assets.xcassets"; sourceTree = "<group>"; };
		119F780624AB842C00341C7E /* Base */ = {isa = PBXFileReference; lastKnownFileType = file.storyboard; name = Base; path = Base.lproj/LaunchScreen.storyboard; sourceTree = "<group>"; };
		119F780824AB842C00341C7E /* Info.plist */ = {isa = PBXFileReference; lastKnownFileType = text.plist.xml; path = Info.plist; sourceTree = "<group>"; };
		119F780D24AB842D00341C7E /* Tarea 9APPTests.xctest */ = {isa = PBXFileReference; explicitFileType = wrapper.cfbundle; includeInIndex = 0; path = "Tarea 9APPTests.xctest"; sourceTree = BUILT_PRODUCTS_DIR; };
		119F781124AB842D00341C7E /* Tarea_9APPTests.swift */ = {isa = PBXFileReference; lastKnownFileType = sourcecode.swift; path = Tarea_9APPTests.swift; sourceTree = "<group>"; };
		119F781324AB842D00341C7E /* Info.plist */ = {isa = PBXFileReference; lastKnownFileType = text.plist.xml; path = Info.plist; sourceTree = "<group>"; };
		119F781824AB842D00341C7E /* Tarea 9APPUITests.xctest */ = {isa = PBXFileReference; explicitFileType = wrapper.cfbundle; includeInIndex = 0; path = "Tarea 9APPUITests.xctest"; sourceTree = BUILT_PRODUCTS_DIR; };
		119F781C24AB842D00341C7E /* Tarea_9APPUITests.swift */ = {isa = PBXFileReference; lastKnownFileType = sourcecode.swift; path = Tarea_9APPUITests.swift; sourceTree = "<group>"; };
		119F781E24AB842D00341C7E /* Info.plist */ = {isa = PBXFileReference; lastKnownFileType = text.plist.xml; path = Info.plist; sourceTree = "<group>"; };
/* End PBXFileReference section */

/* Begin PBXFrameworksBuildPhase section */
		119F77F124AB842A00341C7E /* Frameworks */ = {
			isa = PBXFrameworksBuildPhase;
			buildActionMask = 2147483647;
			files = (
			);
			runOnlyForDeploymentPostprocessing = 0;
		};
		119F780A24AB842D00341C7E /* Frameworks */ = {
			isa = PBXFrameworksBuildPhase;
			buildActionMask = 2147483647;
			files = (
			);
			runOnlyForDeploymentPostprocessing = 0;
		};
		119F781524AB842D00341C7E /* Frameworks */ = {
			isa = PBXFrameworksBuildPhase;
			buildActionMask = 2147483647;
			files = (
			);
			runOnlyForDeploymentPostprocessing = 0;
		};
/* End PBXFrameworksBuildPhase section */

/* Begin PBXGroup section */
		119F77EB24AB842A00341C7E = {
			isa = PBXGroup;
			children = (
				119F77F624AB842A00341C7E /* Tarea 9APP */,
				119F781024AB842D00341C7E /* Tarea 9APPTests */,
				119F781B24AB842D00341C7E /* Tarea 9APPUITests */,
				119F77F524AB842A00341C7E /* Products */,
			);
			sourceTree = "<group>";
		};
		119F77F524AB842A00341C7E /* Products */ = {
			isa = PBXGroup;
			children = (
				119F77F424AB842A00341C7E /* Tarea 9APP.app */,
				119F780D24AB842D00341C7E /* Tarea 9APPTests.xctest */,
				119F781824AB842D00341C7E /* Tarea 9APPUITests.xctest */,
			);
			name = Products;
			sourceTree = "<group>";
		};
		119F77F624AB842A00341C7E /* Tarea 9APP */ = {
			isa = PBXGroup;
			children = (
				119F77F724AB842A00341C7E /* AppDelegate.swift */,
				119F77F924AB842A00341C7E /* SceneDelegate.swift */,
				119F77FE24AB842A00341C7E /* ContentView.swift */,
				119F780024AB842C00341C7E /* Assets.xcassets */,
				119F780524AB842C00341C7E /* LaunchScreen.storyboard */,
				119F780824AB842C00341C7E /* Info.plist */,
				119F77FB24AB842A00341C7E /* Tarea_9APP.xcdatamodeld */,
				119F780224AB842C00341C7E /* Preview Content */,
			);
			path = "Tarea 9APP";
			sourceTree = "<group>";
		};
		119F780224AB842C00341C7E /* Preview Content */ = {
			isa = PBXGroup;
			children = (
				119F780324AB842C00341C7E /* Preview Assets.xcassets */,
			);
			path = "Preview Content";
			sourceTree = "<group>";
		};
		119F781024AB842D00341C7E /* Tarea 9APPTests */ = {
			isa = PBXGroup;
			children = (
				119F781124AB842D00341C7E /* Tarea_9APPTests.swift */,
				119F781324AB842D00341C7E /* Info.plist */,
			);
			path = "Tarea 9APPTests";
			sourceTree = "<group>";
		};
		119F781B24AB842D00341C7E /* Tarea 9APPUITests */ = {
			isa = PBXGroup;
			children = (
				119F781C24AB842D00341C7E /* Tarea_9APPUITests.swift */,
				119F781E24AB842D00341C7E /* Info.plist */,
			);
			path = "Tarea 9APPUITests";
			sourceTree = "<group>";
		};
/* End PBXGroup section */

/* Begin PBXNativeTarget section */
		119F77F324AB842A00341C7E /* Tarea 9APP */ = {
			isa = PBXNativeTarget;
			buildConfigurationList = 119F782124AB842D00341C7E /* Build configuration list for PBXNativeTarget "Tarea 9APP" */;
			buildPhases = (
				119F77F024AB842A00341C7E /* Sources */,
				119F77F124AB842A00341C7E /* Frameworks */,
				119F77F224AB842A00341C7E /* Resources */,
			);
			buildRules = (
			);
			dependencies = (
			);
			name = "Tarea 9APP";
			productName = "Tarea 9APP";
			productReference = 119F77F424AB842A00341C7E /* Tarea 9APP.app */;
			productType = "com.apple.product-type.application";
		};
		119F780C24AB842D00341C7E /* Tarea 9APPTests */ = {
			isa = PBXNativeTarget;
			buildConfigurationList = 119F782424AB842D00341C7E /* Build configuration list for PBXNativeTarget "Tarea 9APPTests" */;
			buildPhases = (
				119F780924AB842D00341C7E /* Sources */,
				119F780A24AB842D00341C7E /* Frameworks */,
				119F780B24AB842D00341C7E /* Resources */,
			);
			buildRules = (
			);
			dependencies = (
				119F780F24AB842D00341C7E /* PBXTargetDependency */,
			);
			name = "Tarea 9APPTests";
			productName = "Tarea 9APPTests";
			productReference = 119F780D24AB842D00341C7E /* Tarea 9APPTests.xctest */;
			productType = "com.apple.product-type.bundle.unit-test";
		};
		119F781724AB842D00341C7E /* Tarea 9APPUITests */ = {
			isa = PBXNativeTarget;
			buildConfigurationList = 119F782724AB842D00341C7E /* Build configuration list for PBXNativeTarget "Tarea 9APPUITests" */;
			buildPhases = (
				119F781424AB842D00341C7E /* Sources */,
				119F781524AB842D00341C7E /* Frameworks */,
				119F781624AB842D00341C7E /* Resources */,
			);
			buildRules = (
			);
			dependencies = (
				119F781A24AB842D00341C7E /* PBXTargetDependency */,
			);
			name = "Tarea 9APPUITests";
			productName = "Tarea 9APPUITests";
			productReference = 119F781824AB842D00341C7E /* Tarea 9APPUITests.xctest */;
			productType = "com.apple.product-type.bundle.ui-testing";
		};
/* End PBXNativeTarget section */

/* Begin PBXProject section */
		119F77EC24AB842A00341C7E /* Project object */ = {
			isa = PBXProject;
			attributes = {
				LastSwiftUpdateCheck = 1130;
				LastUpgradeCheck = 1130;
				ORGANIZATIONNAME = "Pedro Hamue";
				TargetAttributes = {
					119F77F324AB842A00341C7E = {
						CreatedOnToolsVersion = 11.3.1;
					};
					119F780C24AB842D00341C7E = {
						CreatedOnToolsVersion = 11.3.1;
						TestTargetID = 119F77F324AB842A00341C7E;
					};
					119F781724AB842D00341C7E = {
						CreatedOnToolsVersion = 11.3.1;
						TestTargetID = 119F77F324AB842A00341C7E;
					};
				};
			};
			buildConfigurationList = 119F77EF24AB842A00341C7E /* Build configuration list for PBXProject "Tarea 9APP" */;
			compatibilityVersion = "Xcode 9.3";
			developmentRegion = en;
			hasScannedForEncodings = 0;
			knownRegions = (
				en,
				Base,
			);
			mainGroup = 119F77EB24AB842A00341C7E;
			productRefGroup = 119F77F524AB842A00341C7E /* Products */;
			projectDirPath = "";
			projectRoot = "";
			targets = (
				119F77F324AB842A00341C7E /* Tarea 9APP */,
				119F780C24AB842D00341C7E /* Tarea 9APPTests */,
				119F781724AB842D00341C7E /* Tarea 9APPUITests */,
			);
		};
/* End PBXProject section */

/* Begin PBXResourcesBuildPhase section */
		119F77F224AB842A00341C7E /* Resources */ = {
			isa = PBXResourcesBuildPhase;
			buildActionMask = 2147483647;
			files = (
				119F780724AB842C00341C7E /* LaunchScreen.storyboard in Resources */,
				119F780424AB842C00341C7E /* Preview Assets.xcassets in Resources */,
				119F780124AB842C00341C7E /* Assets.xcassets in Resources */,
			);
			runOnlyForDeploymentPostprocessing = 0;
		};
		119F780B24AB842D00341C7E /* Resources */ = {
			isa = PBXResourcesBuildPhase;
			buildActionMask = 2147483647;
			files = (
			);
			runOnlyForDeploymentPostprocessing = 0;
		};
		119F781624AB842D00341C7E /* Resources */ = {
			isa = PBXResourcesBuildPhase;
			buildActionMask = 2147483647;
			files = (
			);
			runOnlyForDeploymentPostprocessing = 0;
		};
/* End PBXResourcesBuildPhase section */

/* Begin PBXSourcesBuildPhase section */
		119F77F024AB842A00341C7E /* Sources */ = {
			isa = PBXSourcesBuildPhase;
			buildActionMask = 2147483647;
			files = (
				119F77FD24AB842A00341C7E /* Tarea_9APP.xcdatamodeld in Sources */,
				119F77F824AB842A00341C7E /* AppDelegate.swift in Sources */,
				119F77FF24AB842A00341C7E /* ContentView.swift in Sources */,
				119F77FA24AB842A00341C7E /* SceneDelegate.swift in Sources */,
			);
			runOnlyForDeploymentPostprocessing = 0;
		};
		119F780924AB842D00341C7E /* Sources */ = {
			isa = PBXSourcesBuildPhase;
			buildActionMask = 2147483647;
			files = (
				119F781224AB842D00341C7E /* Tarea_9APPTests.swift in Sources */,
			);
			runOnlyForDeploymentPostprocessing = 0;
		};
		119F781424AB842D00341C7E /* Sources */ = {
			isa = PBXSourcesBuildPhase;
			buildActionMask = 2147483647;
			files = (
				119F781D24AB842D00341C7E /* Tarea_9APPUITests.swift in Sources */,
			);
			runOnlyForDeploymentPostprocessing = 0;
		};
/* End PBXSourcesBuildPhase section */

/* Begin PBXTargetDependency section */
		119F780F24AB842D00341C7E /* PBXTargetDependency */ = {
			isa = PBXTargetDependency;
			target = 119F77F324AB842A00341C7E /* Tarea 9APP */;
			targetProxy = 119F780E24AB842D00341C7E /* PBXContainerItemProxy */;
		};
		119F781A24AB842D00341C7E /* PBXTargetDependency */ = {
			isa = PBXTargetDependency;
			target = 119F77F324AB842A00341C7E /* Tarea 9APP */;
			targetProxy = 119F781924AB842D00341C7E /* PBXContainerItemProxy */;
		};
/* End PBXTargetDependency section */

/* Begin PBXVariantGroup section */
		119F780524AB842C00341C7E /* LaunchScreen.storyboard */ = {
			isa = PBXVariantGroup;
			children = (
				119F780624AB842C00341C7E /* Base */,
			);
			name = LaunchScreen.storyboard;
			sourceTree = "<group>";
		};
/* End PBXVariantGroup section */

/* Begin XCBuildConfiguration section */
		119F781F24AB842D00341C7E /* Debug */ = {
			isa = XCBuildConfiguration;
			buildSettings = {
				ALWAYS_SEARCH_USER_PATHS = NO;
				CLANG_ANALYZER_NONNULL = YES;
				CLANG_ANALYZER_NUMBER_OBJECT_CONVERSION = YES_AGGRESSIVE;
				CLANG_CXX_LANGUAGE_STANDARD = "gnu++14";
				CLANG_CXX_LIBRARY = "libc++";
				CLANG_ENABLE_MODULES = YES;
				CLANG_ENABLE_OBJC_ARC = YES;
				CLANG_ENABLE_OBJC_WEAK = YES;
				CLANG_WARN_BLOCK_CAPTURE_AUTORELEASING = YES;
				CLANG_WARN_BOOL_CONVERSION = YES;
				CLANG_WARN_COMMA = YES;
				CLANG_WARN_CONSTANT_CONVERSION = YES;
				CLANG_WARN_DEPRECATED_OBJC_IMPLEMENTATIONS = YES;
				CLANG_WARN_DIRECT_OBJC_ISA_USAGE = YES_ERROR;
				CLANG_WARN_DOCUMENTATION_COMMENTS = YES;
				CLANG_WARN_EMPTY_BODY = YES;
				CLANG_WARN_ENUM_CONVERSION = YES;
				CLANG_WARN_INFINITE_RECURSION = YES;
				CLANG_WARN_INT_CONVERSION = YES;
				CLANG_WARN_NON_LITERAL_NULL_CONVERSION = YES;
				CLANG_WARN_OBJC_IMPLICIT_RETAIN_SELF = YES;
				CLANG_WARN_OBJC_LITERAL_CONVERSION = YES;
				CLANG_WARN_OBJC_ROOT_CLASS = YES_ERROR;
				CLANG_WARN_RANGE_LOOP_ANALYSIS = YES;
				CLANG_WARN_STRICT_PROTOTYPES = YES;
				CLANG_WARN_SUSPICIOUS_MOVE = YES;
				CLANG_WARN_UNGUARDED_AVAILABILITY = YES_AGGRESSIVE;
				CLANG_WARN_UNREACHABLE_CODE = YES;
				CLANG_WARN__DUPLICATE_METHOD_MATCH = YES;
				COPY_PHASE_STRIP = NO;
				DEBUG_INFORMATION_FORMAT = dwarf;
				ENABLE_STRICT_OBJC_MSGSEND = YES;
				ENABLE_TESTABILITY = YES;
				GCC_C_LANGUAGE_STANDARD = gnu11;
				GCC_DYNAMIC_NO_PIC = NO;
				GCC_NO_COMMON_BLOCKS = YES;
				GCC_OPTIMIZATION_LEVEL = 0;
				GCC_PREPROCESSOR_DEFINITIONS = (
					"DEBUG=1",
					"$(inherited)",
				);
				GCC_WARN_64_TO_32_BIT_CONVERSION = YES;
				GCC_WARN_ABOUT_RETURN_TYPE = YES_ERROR;
				GCC_WARN_UNDECLARED_SELECTOR = YES;
				GCC_WARN_UNINITIALIZED_AUTOS = YES_AGGRESSIVE;
				GCC_WARN_UNUSED_FUNCTION = YES;
				GCC_WARN_UNUSED_VARIABLE = YES;
				IPHONEOS_DEPLOYMENT_TARGET = 13.2;
				MTL_ENABLE_DEBUG_INFO = INCLUDE_SOURCE;
				MTL_FAST_MATH = YES;
				ONLY_ACTIVE_ARCH = YES;
				SDKROOT = iphoneos;
				SWIFT_ACTIVE_COMPILATION_CONDITIONS = DEBUG;
				SWIFT_OPTIMIZATION_LEVEL = "-Onone";
			};
			name = Debug;
		};
		119F782024AB842D00341C7E /* Release */ = {
			isa = XCBuildConfiguration;
			buildSettings = {
				ALWAYS_SEARCH_USER_PATHS = NO;
				CLANG_ANALYZER_NONNULL = YES;
				CLANG_ANALYZER_NUMBER_OBJECT_CONVERSION = YES_AGGRESSIVE;
				CLANG_CXX_LANGUAGE_STANDARD = "gnu++14";
				CLANG_CXX_LIBRARY = "libc++";
				CLANG_ENABLE_MODULES = YES;
				CLANG_ENABLE_OBJC_ARC = YES;
				CLANG_ENABLE_OBJC_WEAK = YES;
				CLANG_WARN_BLOCK_CAPTURE_AUTORELEASING = YES;
				CLANG_WARN_BOOL_CONVERSION = YES;
				CLANG_WARN_COMMA = YES;
				CLANG_WARN_CONSTANT_CONVERSION = YES;
				CLANG_WARN_DEPRECATED_OBJC_IMPLEMENTATIONS = YES;
				CLANG_WARN_DIRECT_OBJC_ISA_USAGE = YES_ERROR;
				CLANG_WARN_DOCUMENTATION_COMMENTS = YES;
				CLANG_WARN_EMPTY_BODY = YES;
				CLANG_WARN_ENUM_CONVERSION = YES;
				CLANG_WARN_INFINITE_RECURSION = YES;
				CLANG_WARN_INT_CONVERSION = YES;
				CLANG_WARN_NON_LITERAL_NULL_CONVERSION = YES;
				CLANG_WARN_OBJC_IMPLICIT_RETAIN_SELF = YES;
				CLANG_WARN_OBJC_LITERAL_CONVERSION = YES;
				CLANG_WARN_OBJC_ROOT_CLASS = YES_ERROR;
				CLANG_WARN_RANGE_LOOP_ANALYSIS = YES;
				CLANG_WARN_STRICT_PROTOTYPES = YES;
				CLANG_WARN_SUSPICIOUS_MOVE = YES;
				CLANG_WARN_UNGUARDED_AVAILABILITY = YES_AGGRESSIVE;
				CLANG_WARN_UNREACHABLE_CODE = YES;
				CLANG_WARN__DUPLICATE_METHOD_MATCH = YES;
				COPY_PHASE_STRIP = NO;
				DEBUG_INFORMATION_FORMAT = "dwarf-with-dsym";
				ENABLE_NS_ASSERTIONS = NO;
				ENABLE_STRICT_OBJC_MSGSEND = YES;
				GCC_C_LANGUAGE_STANDARD = gnu11;
				GCC_NO_COMMON_BLOCKS = YES;
				GCC_WARN_64_TO_32_BIT_CONVERSION = YES;
				GCC_WARN_ABOUT_RETURN_TYPE = YES_ERROR;
				GCC_WARN_UNDECLARED_SELECTOR = YES;
				GCC_WARN_UNINITIALIZED_AUTOS = YES_AGGRESSIVE;
				GCC_WARN_UNUSED_FUNCTION = YES;
				GCC_WARN_UNUSED_VARIABLE = YES;
				IPHONEOS_DEPLOYMENT_TARGET = 13.2;
				MTL_ENABLE_DEBUG_INFO = NO;
				MTL_FAST_MATH = YES;
				SDKROOT = iphoneos;
				SWIFT_COMPILATION_MODE = wholemodule;
				SWIFT_OPTIMIZATION_LEVEL = "-O";
				VALIDATE_PRODUCT = YES;
			};
			name = Release;
		};
		119F782224AB842D00341C7E /* Debug */ = {
			isa = XCBuildConfiguration;
			buildSettings = {
				ASSETCATALOG_COMPILER_APPICON_NAME = AppIcon;
				CODE_SIGN_STYLE = Automatic;
				DEVELOPMENT_ASSET_PATHS = "\"Tarea 9APP/Preview Content\"";
				ENABLE_PREVIEWS = YES;
				INFOPLIST_FILE = "Tarea 9APP/Info.plist";
				LD_RUNPATH_SEARCH_PATHS = (
					"$(inherited)",
					"@executable_path/Frameworks",
				);
				PRODUCT_BUNDLE_IDENTIFIER = "com.hamue.Tarea-9APP";
				PRODUCT_NAME = "$(TARGET_NAME)";
				SWIFT_VERSION = 5.0;
				TARGETED_DEVICE_FAMILY = "1,2";
			};
			name = Debug;
		};
		119F782324AB842D00341C7E /* Release */ = {
			isa = XCBuildConfiguration;
			buildSettings = {
				ASSETCATALOG_COMPILER_APPICON_NAME = AppIcon;
				CODE_SIGN_STYLE = Automatic;
				DEVELOPMENT_ASSET_PATHS = "\"Tarea 9APP/Preview Content\"";
				ENABLE_PREVIEWS = YES;
				INFOPLIST_FILE = "Tarea 9APP/Info.plist";
				LD_RUNPATH_SEARCH_PATHS = (
					"$(inherited)",
					"@executable_path/Frameworks",
				);
				PRODUCT_BUNDLE_IDENTIFIER = "com.hamue.Tarea-9APP";
				PRODUCT_NAME = "$(TARGET_NAME)";
				SWIFT_VERSION = 5.0;
				TARGETED_DEVICE_FAMILY = "1,2";
			};
			name = Release;
		};
		119F782524AB842D00341C7E /* Debug */ = {
			isa = XCBuildConfiguration;
			buildSettings = {
				ALWAYS_EMBED_SWIFT_STANDARD_LIBRARIES = YES;
				BUNDLE_LOADER = "$(TEST_HOST)";
				CODE_SIGN_STYLE = Automatic;
				INFOPLIST_FILE = "Tarea 9APPTests/Info.plist";
				IPHONEOS_DEPLOYMENT_TARGET = 13.2;
				LD_RUNPATH_SEARCH_PATHS = (
					"$(inherited)",
					"@executable_path/Frameworks",
					"@loader_path/Frameworks",
				);
				PRODUCT_BUNDLE_IDENTIFIER = "com.hamue.Tarea-9APPTests";
				PRODUCT_NAME = "$(TARGET_NAME)";
				SWIFT_VERSION = 5.0;
				TARGETED_DEVICE_FAMILY = "1,2";
				TEST_HOST = "$(BUILT_PRODUCTS_DIR)/Tarea 9APP.app/Tarea 9APP";
			};
			name = Debug;
		};
		119F782624AB842D00341C7E /* Release */ = {
			isa = XCBuildConfiguration;
			buildSettings = {
				ALWAYS_EMBED_SWIFT_STANDARD_LIBRARIES = YES;
				BUNDLE_LOADER = "$(TEST_HOST)";
				CODE_SIGN_STYLE = Automatic;
				INFOPLIST_FILE = "Tarea 9APPTests/Info.plist";
				IPHONEOS_DEPLOYMENT_TARGET = 13.2;
				LD_RUNPATH_SEARCH_PATHS = (
					"$(inherited)",
					"@executable_path/Frameworks",
					"@loader_path/Frameworks",
				);
				PRODUCT_BUNDLE_IDENTIFIER = "com.hamue.Tarea-9APPTests";
				PRODUCT_NAME = "$(TARGET_NAME)";
				SWIFT_VERSION = 5.0;
				TARGETED_DEVICE_FAMILY = "1,2";
				TEST_HOST = "$(BUILT_PRODUCTS_DIR)/Tarea 9APP.app/Tarea 9APP";
			};
			name = Release;
		};
		119F782824AB842D00341C7E /* Debug */ = {
			isa = XCBuildConfiguration;
			buildSettings = {
				ALWAYS_EMBED_SWIFT_STANDARD_LIBRARIES = YES;
				CODE_SIGN_STYLE = Automatic;
				INFOPLIST_FILE = "Tarea 9APPUITests/Info.plist";
				LD_RUNPATH_SEARCH_PATHS = (
					"$(inherited)",
					"@executable_path/Frameworks",
					"@loader_path/Frameworks",
				);
				PRODUCT_BUNDLE_IDENTIFIER = "com.hamue.Tarea-9APPUITests";
				PRODUCT_NAME = "$(TARGET_NAME)";
				SWIFT_VERSION = 5.0;
				TARGETED_DEVICE_FAMILY = "1,2";
				TEST_TARGET_NAME = "Tarea 9APP";
			};
			name = Debug;
		};
		119F782924AB842D00341C7E /* Release */ = {
			isa = XCBuildConfiguration;
			buildSettings = {
				ALWAYS_EMBED_SWIFT_STANDARD_LIBRARIES = YES;
				CODE_SIGN_STYLE = Automatic;
				INFOPLIST_FILE = "Tarea 9APPUITests/Info.plist";
				LD_RUNPATH_SEARCH_PATHS = (
					"$(inherited)",
					"@executable_path/Frameworks",
					"@loader_path/Frameworks",
				);
				PRODUCT_BUNDLE_IDENTIFIER = "com.hamue.Tarea-9APPUITests";
				PRODUCT_NAME = "$(TARGET_NAME)";
				SWIFT_VERSION = 5.0;
				TARGETED_DEVICE_FAMILY = "1,2";
				TEST_TARGET_NAME = "Tarea 9APP";
			};
			name = Release;
		};
/* End XCBuildConfiguration section */

/* Begin XCConfigurationList section */
		119F77EF24AB842A00341C7E /* Build configuration list for PBXProject "Tarea 9APP" */ = {
			isa = XCConfigurationList;
			buildConfigurations = (
				119F781F24AB842D00341C7E /* Debug */,
				119F782024AB842D00341C7E /* Release */,
			);
			defaultConfigurationIsVisible = 0;
			defaultConfigurationName = Release;
		};
		119F782124AB842D00341C7E /* Build configuration list for PBXNativeTarget "Tarea 9APP" */ = {
			isa = XCConfigurationList;
			buildConfigurations = (
				119F782224AB842D00341C7E /* Debug */,
				119F782324AB842D00341C7E /* Release */,
			);
			defaultConfigurationIsVisible = 0;
			defaultConfigurationName = Release;
		};
		119F782424AB842D00341C7E /* Build configuration list for PBXNativeTarget "Tarea 9APPTests" */ = {
			isa = XCConfigurationList;
			buildConfigurations = (
				119F782524AB842D00341C7E /* Debug */,
				119F782624AB842D00341C7E /* Release */,
			);
			defaultConfigurationIsVisible = 0;
			defaultConfigurationName = Release;
		};
		119F782724AB842D00341C7E /* Build configuration list for PBXNativeTarget "Tarea 9APPUITests" */ = {
			isa = XCConfigurationList;
			buildConfigurations = (
				119F782824AB842D00341C7E /* Debug */,
				119F782924AB842D00341C7E /* Release */,
			);
			defaultConfigurationIsVisible = 0;
			defaultConfigurationName = Release;
		};
/* End XCConfigurationList section */

/* Begin XCVersionGroup section */
		119F77FB24AB842A00341C7E /* Tarea_9APP.xcdatamodeld */ = {
			isa = XCVersionGroup;
			children = (
				119F77FC24AB842A00341C7E /* Tarea_9APP.xcdatamodel */,
			);
			currentVersion = 119F77FC24AB842A00341C7E /* Tarea_9APP.xcdatamodel */;
			path = Tarea_9APP.xcdatamodeld;
			sourceTree = "<group>";
			versionGroupType = wrapper.xcdatamodel;
		};
/* End XCVersionGroup section */
	};
	rootObject = 119F77EC24AB842A00341C7E /* Project object */;
}
