// !$*UTF8*$!
{
	archiveVersion = 1;
	classes = {
	};
	objectVersion = 50;
	objects = {

/* Begin PBXBuildFile section */
		11A5593224BB590700E65318 /* SettingsView.swift in Sources */ = {isa = PBXBuildFile; fileRef = 11A5593124BB590700E65318 /* SettingsView.swift */; };
		11FAFB4424BE0E7300126238 /* SortingOrderType.swift in Sources */ = {isa = PBXBuildFile; fileRef = 11FAFB4324BE0E7300126238 /* SortingOrderType.swift */; };
		11FAFB4624BE177700126238 /* SettingsFactory.swift in Sources */ = {isa = PBXBuildFile; fileRef = 11FAFB4524BE177700126238 /* SettingsFactory.swift */; };
		11FFA02724B786DF00711178 /* AppDelegate.swift in Sources */ = {isa = PBXBuildFile; fileRef = 11FFA02624B786DF00711178 /* AppDelegate.swift */; };
		11FFA02924B786DF00711178 /* SceneDelegate.swift in Sources */ = {isa = PBXBuildFile; fileRef = 11FFA02824B786DF00711178 /* SceneDelegate.swift */; };
		11FFA02C24B786DF00711178 /* formularios.xcdatamodeld in Sources */ = {isa = PBXBuildFile; fileRef = 11FFA02A24B786DF00711178 /* formularios.xcdatamodeld */; };
		11FFA02E24B786DF00711178 /* ContentView.swift in Sources */ = {isa = PBXBuildFile; fileRef = 11FFA02D24B786DF00711178 /* ContentView.swift */; };
		11FFA03024B786E200711178 /* Assets.xcassets in Resources */ = {isa = PBXBuildFile; fileRef = 11FFA02F24B786E200711178 /* Assets.xcassets */; };
		11FFA03324B786E200711178 /* Preview Assets.xcassets in Resources */ = {isa = PBXBuildFile; fileRef = 11FFA03224B786E200711178 /* Preview Assets.xcassets */; };
		11FFA03624B786E200711178 /* LaunchScreen.storyboard in Resources */ = {isa = PBXBuildFile; fileRef = 11FFA03424B786E200711178 /* LaunchScreen.storyboard */; };
		11FFA04124B786E300711178 /* formulariosTests.swift in Sources */ = {isa = PBXBuildFile; fileRef = 11FFA04024B786E300711178 /* formulariosTests.swift */; };
		11FFA04C24B786E300711178 /* formulariosUITests.swift in Sources */ = {isa = PBXBuildFile; fileRef = 11FFA04B24B786E300711178 /* formulariosUITests.swift */; };
		11FFA05A24B7871E00711178 /* DetailView.swift in Sources */ = {isa = PBXBuildFile; fileRef = 11FFA05924B7871E00711178 /* DetailView.swift */; };
		11FFA05C24B7887700711178 /* Streaming.swift in Sources */ = {isa = PBXBuildFile; fileRef = 11FFA05B24B7887700711178 /* Streaming.swift */; };
/* End PBXBuildFile section */

/* Begin PBXContainerItemProxy section */
		11FFA03D24B786E300711178 /* PBXContainerItemProxy */ = {
			isa = PBXContainerItemProxy;
			containerPortal = 11FFA01B24B786DF00711178 /* Project object */;
			proxyType = 1;
			remoteGlobalIDString = 11FFA02224B786DF00711178;
			remoteInfo = formularios;
		};
		11FFA04824B786E300711178 /* PBXContainerItemProxy */ = {
			isa = PBXContainerItemProxy;
			containerPortal = 11FFA01B24B786DF00711178 /* Project object */;
			proxyType = 1;
			remoteGlobalIDString = 11FFA02224B786DF00711178;
			remoteInfo = formularios;
		};
/* End PBXContainerItemProxy section */

/* Begin PBXFileReference section */
		11A5593124BB590700E65318 /* SettingsView.swift */ = {isa = PBXFileReference; lastKnownFileType = sourcecode.swift; path = SettingsView.swift; sourceTree = "<group>"; };
		11FAFB4324BE0E7300126238 /* SortingOrderType.swift */ = {isa = PBXFileReference; lastKnownFileType = sourcecode.swift; path = SortingOrderType.swift; sourceTree = "<group>"; };
		11FAFB4524BE177700126238 /* SettingsFactory.swift */ = {isa = PBXFileReference; lastKnownFileType = sourcecode.swift; path = SettingsFactory.swift; sourceTree = "<group>"; };
		11FFA02324B786DF00711178 /* formularios.app */ = {isa = PBXFileReference; explicitFileType = wrapper.application; includeInIndex = 0; path = formularios.app; sourceTree = BUILT_PRODUCTS_DIR; };
		11FFA02624B786DF00711178 /* AppDelegate.swift */ = {isa = PBXFileReference; lastKnownFileType = sourcecode.swift; path = AppDelegate.swift; sourceTree = "<group>"; };
		11FFA02824B786DF00711178 /* SceneDelegate.swift */ = {isa = PBXFileReference; lastKnownFileType = sourcecode.swift; path = SceneDelegate.swift; sourceTree = "<group>"; };
		11FFA02B24B786DF00711178 /* formularios.xcdatamodel */ = {isa = PBXFileReference; lastKnownFileType = wrapper.xcdatamodel; path = formularios.xcdatamodel; sourceTree = "<group>"; };
		11FFA02D24B786DF00711178 /* ContentView.swift */ = {isa = PBXFileReference; lastKnownFileType = sourcecode.swift; path = ContentView.swift; sourceTree = "<group>"; };
		11FFA02F24B786E200711178 /* Assets.xcassets */ = {isa = PBXFileReference; lastKnownFileType = folder.assetcatalog; path = Assets.xcassets; sourceTree = "<group>"; };
		11FFA03224B786E200711178 /* Preview Assets.xcassets */ = {isa = PBXFileReference; lastKnownFileType = folder.assetcatalog; path = "Preview Assets.xcassets"; sourceTree = "<group>"; };
		11FFA03524B786E200711178 /* Base */ = {isa = PBXFileReference; lastKnownFileType = file.storyboard; name = Base; path = Base.lproj/LaunchScreen.storyboard; sourceTree = "<group>"; };
		11FFA03724B786E200711178 /* Info.plist */ = {isa = PBXFileReference; lastKnownFileType = text.plist.xml; path = Info.plist; sourceTree = "<group>"; };
		11FFA03C24B786E300711178 /* formulariosTests.xctest */ = {isa = PBXFileReference; explicitFileType = wrapper.cfbundle; includeInIndex = 0; path = formulariosTests.xctest; sourceTree = BUILT_PRODUCTS_DIR; };
		11FFA04024B786E300711178 /* formulariosTests.swift */ = {isa = PBXFileReference; lastKnownFileType = sourcecode.swift; path = formulariosTests.swift; sourceTree = "<group>"; };
		11FFA04224B786E300711178 /* Info.plist */ = {isa = PBXFileReference; lastKnownFileType = text.plist.xml; path = Info.plist; sourceTree = "<group>"; };
		11FFA04724B786E300711178 /* formulariosUITests.xctest */ = {isa = PBXFileReference; explicitFileType = wrapper.cfbundle; includeInIndex = 0; path = formulariosUITests.xctest; sourceTree = BUILT_PRODUCTS_DIR; };
		11FFA04B24B786E300711178 /* formulariosUITests.swift */ = {isa = PBXFileReference; lastKnownFileType = sourcecode.swift; path = formulariosUITests.swift; sourceTree = "<group>"; };
		11FFA04D24B786E300711178 /* Info.plist */ = {isa = PBXFileReference; lastKnownFileType = text.plist.xml; path = Info.plist; sourceTree = "<group>"; };
		11FFA05924B7871E00711178 /* DetailView.swift */ = {isa = PBXFileReference; lastKnownFileType = sourcecode.swift; path = DetailView.swift; sourceTree = "<group>"; };
		11FFA05B24B7887700711178 /* Streaming.swift */ = {isa = PBXFileReference; lastKnownFileType = sourcecode.swift; path = Streaming.swift; sourceTree = "<group>"; };
/* End PBXFileReference section */

/* Begin PBXFrameworksBuildPhase section */
		11FFA02024B786DF00711178 /* Frameworks */ = {
			isa = PBXFrameworksBuildPhase;
			buildActionMask = 2147483647;
			files = (
			);
			runOnlyForDeploymentPostprocessing = 0;
		};
		11FFA03924B786E300711178 /* Frameworks */ = {
			isa = PBXFrameworksBuildPhase;
			buildActionMask = 2147483647;
			files = (
			);
			runOnlyForDeploymentPostprocessing = 0;
		};
		11FFA04424B786E300711178 /* Frameworks */ = {
			isa = PBXFrameworksBuildPhase;
			buildActionMask = 2147483647;
			files = (
			);
			runOnlyForDeploymentPostprocessing = 0;
		};
/* End PBXFrameworksBuildPhase section */

/* Begin PBXGroup section */
		11FFA01A24B786DF00711178 = {
			isa = PBXGroup;
			children = (
				11FFA02524B786DF00711178 /* formularios */,
				11FFA03F24B786E300711178 /* formulariosTests */,
				11FFA04A24B786E300711178 /* formulariosUITests */,
				11FFA02424B786DF00711178 /* Products */,
			);
			sourceTree = "<group>";
		};
		11FFA02424B786DF00711178 /* Products */ = {
			isa = PBXGroup;
			children = (
				11FFA02324B786DF00711178 /* formularios.app */,
				11FFA03C24B786E300711178 /* formulariosTests.xctest */,
				11FFA04724B786E300711178 /* formulariosUITests.xctest */,
			);
			name = Products;
			sourceTree = "<group>";
		};
		11FFA02524B786DF00711178 /* formularios */ = {
			isa = PBXGroup;
			children = (
				11FFA02624B786DF00711178 /* AppDelegate.swift */,
				11FAFB4524BE177700126238 /* SettingsFactory.swift */,
				11FFA05B24B7887700711178 /* Streaming.swift */,
				11FFA02824B786DF00711178 /* SceneDelegate.swift */,
				11FFA02D24B786DF00711178 /* ContentView.swift */,
				11A5593124BB590700E65318 /* SettingsView.swift */,
				11FFA05924B7871E00711178 /* DetailView.swift */,
				11FAFB4324BE0E7300126238 /* SortingOrderType.swift */,
				11FFA02F24B786E200711178 /* Assets.xcassets */,
				11FFA03424B786E200711178 /* LaunchScreen.storyboard */,
				11FFA03724B786E200711178 /* Info.plist */,
				11FFA02A24B786DF00711178 /* formularios.xcdatamodeld */,
				11FFA03124B786E200711178 /* Preview Content */,
			);
			path = formularios;
			sourceTree = "<group>";
		};
		11FFA03124B786E200711178 /* Preview Content */ = {
			isa = PBXGroup;
			children = (
				11FFA03224B786E200711178 /* Preview Assets.xcassets */,
			);
			path = "Preview Content";
			sourceTree = "<group>";
		};
		11FFA03F24B786E300711178 /* formulariosTests */ = {
			isa = PBXGroup;
			children = (
				11FFA04024B786E300711178 /* formulariosTests.swift */,
				11FFA04224B786E300711178 /* Info.plist */,
			);
			path = formulariosTests;
			sourceTree = "<group>";
		};
		11FFA04A24B786E300711178 /* formulariosUITests */ = {
			isa = PBXGroup;
			children = (
				11FFA04B24B786E300711178 /* formulariosUITests.swift */,
				11FFA04D24B786E300711178 /* Info.plist */,
			);
			path = formulariosUITests;
			sourceTree = "<group>";
		};
/* End PBXGroup section */

/* Begin PBXNativeTarget section */
		11FFA02224B786DF00711178 /* formularios */ = {
			isa = PBXNativeTarget;
			buildConfigurationList = 11FFA05024B786E300711178 /* Build configuration list for PBXNativeTarget "formularios" */;
			buildPhases = (
				11FFA01F24B786DF00711178 /* Sources */,
				11FFA02024B786DF00711178 /* Frameworks */,
				11FFA02124B786DF00711178 /* Resources */,
			);
			buildRules = (
			);
			dependencies = (
			);
			name = formularios;
			productName = formularios;
			productReference = 11FFA02324B786DF00711178 /* formularios.app */;
			productType = "com.apple.product-type.application";
		};
		11FFA03B24B786E300711178 /* formulariosTests */ = {
			isa = PBXNativeTarget;
			buildConfigurationList = 11FFA05324B786E300711178 /* Build configuration list for PBXNativeTarget "formulariosTests" */;
			buildPhases = (
				11FFA03824B786E300711178 /* Sources */,
				11FFA03924B786E300711178 /* Frameworks */,
				11FFA03A24B786E300711178 /* Resources */,
			);
			buildRules = (
			);
			dependencies = (
				11FFA03E24B786E300711178 /* PBXTargetDependency */,
			);
			name = formulariosTests;
			productName = formulariosTests;
			productReference = 11FFA03C24B786E300711178 /* formulariosTests.xctest */;
			productType = "com.apple.product-type.bundle.unit-test";
		};
		11FFA04624B786E300711178 /* formulariosUITests */ = {
			isa = PBXNativeTarget;
			buildConfigurationList = 11FFA05624B786E300711178 /* Build configuration list for PBXNativeTarget "formulariosUITests" */;
			buildPhases = (
				11FFA04324B786E300711178 /* Sources */,
				11FFA04424B786E300711178 /* Frameworks */,
				11FFA04524B786E300711178 /* Resources */,
			);
			buildRules = (
			);
			dependencies = (
				11FFA04924B786E300711178 /* PBXTargetDependency */,
			);
			name = formulariosUITests;
			productName = formulariosUITests;
			productReference = 11FFA04724B786E300711178 /* formulariosUITests.xctest */;
			productType = "com.apple.product-type.bundle.ui-testing";
		};
/* End PBXNativeTarget section */

/* Begin PBXProject section */
		11FFA01B24B786DF00711178 /* Project object */ = {
			isa = PBXProject;
			attributes = {
				LastSwiftUpdateCheck = 1130;
				LastUpgradeCheck = 1130;
				ORGANIZATIONNAME = "Pedro Hamue";
				TargetAttributes = {
					11FFA02224B786DF00711178 = {
						CreatedOnToolsVersion = 11.3.1;
					};
					11FFA03B24B786E300711178 = {
						CreatedOnToolsVersion = 11.3.1;
						TestTargetID = 11FFA02224B786DF00711178;
					};
					11FFA04624B786E300711178 = {
						CreatedOnToolsVersion = 11.3.1;
						TestTargetID = 11FFA02224B786DF00711178;
					};
				};
			};
			buildConfigurationList = 11FFA01E24B786DF00711178 /* Build configuration list for PBXProject "formularios" */;
			compatibilityVersion = "Xcode 9.3";
			developmentRegion = en;
			hasScannedForEncodings = 0;
			knownRegions = (
				en,
				Base,
			);
			mainGroup = 11FFA01A24B786DF00711178;
			productRefGroup = 11FFA02424B786DF00711178 /* Products */;
			projectDirPath = "";
			projectRoot = "";
			targets = (
				11FFA02224B786DF00711178 /* formularios */,
				11FFA03B24B786E300711178 /* formulariosTests */,
				11FFA04624B786E300711178 /* formulariosUITests */,
			);
		};
/* End PBXProject section */

/* Begin PBXResourcesBuildPhase section */
		11FFA02124B786DF00711178 /* Resources */ = {
			isa = PBXResourcesBuildPhase;
			buildActionMask = 2147483647;
			files = (
				11FFA03624B786E200711178 /* LaunchScreen.storyboard in Resources */,
				11FFA03324B786E200711178 /* Preview Assets.xcassets in Resources */,
				11FFA03024B786E200711178 /* Assets.xcassets in Resources */,
			);
			runOnlyForDeploymentPostprocessing = 0;
		};
		11FFA03A24B786E300711178 /* Resources */ = {
			isa = PBXResourcesBuildPhase;
			buildActionMask = 2147483647;
			files = (
			);
			runOnlyForDeploymentPostprocessing = 0;
		};
		11FFA04524B786E300711178 /* Resources */ = {
			isa = PBXResourcesBuildPhase;
			buildActionMask = 2147483647;
			files = (
			);
			runOnlyForDeploymentPostprocessing = 0;
		};
/* End PBXResourcesBuildPhase section */

/* Begin PBXSourcesBuildPhase section */
		11FFA01F24B786DF00711178 /* Sources */ = {
			isa = PBXSourcesBuildPhase;
			buildActionMask = 2147483647;
			files = (
				11A5593224BB590700E65318 /* SettingsView.swift in Sources */,
				11FFA02724B786DF00711178 /* AppDelegate.swift in Sources */,
				11FFA02C24B786DF00711178 /* formularios.xcdatamodeld in Sources */,
				11FFA02E24B786DF00711178 /* ContentView.swift in Sources */,
				11FFA05A24B7871E00711178 /* DetailView.swift in Sources */,
				11FAFB4424BE0E7300126238 /* SortingOrderType.swift in Sources */,
				11FFA05C24B7887700711178 /* Streaming.swift in Sources */,
				11FAFB4624BE177700126238 /* SettingsFactory.swift in Sources */,
				11FFA02924B786DF00711178 /* SceneDelegate.swift in Sources */,
			);
			runOnlyForDeploymentPostprocessing = 0;
		};
		11FFA03824B786E300711178 /* Sources */ = {
			isa = PBXSourcesBuildPhase;
			buildActionMask = 2147483647;
			files = (
				11FFA04124B786E300711178 /* formulariosTests.swift in Sources */,
			);
			runOnlyForDeploymentPostprocessing = 0;
		};
		11FFA04324B786E300711178 /* Sources */ = {
			isa = PBXSourcesBuildPhase;
			buildActionMask = 2147483647;
			files = (
				11FFA04C24B786E300711178 /* formulariosUITests.swift in Sources */,
			);
			runOnlyForDeploymentPostprocessing = 0;
		};
/* End PBXSourcesBuildPhase section */

/* Begin PBXTargetDependency section */
		11FFA03E24B786E300711178 /* PBXTargetDependency */ = {
			isa = PBXTargetDependency;
			target = 11FFA02224B786DF00711178 /* formularios */;
			targetProxy = 11FFA03D24B786E300711178 /* PBXContainerItemProxy */;
		};
		11FFA04924B786E300711178 /* PBXTargetDependency */ = {
			isa = PBXTargetDependency;
			target = 11FFA02224B786DF00711178 /* formularios */;
			targetProxy = 11FFA04824B786E300711178 /* PBXContainerItemProxy */;
		};
/* End PBXTargetDependency section */

/* Begin PBXVariantGroup section */
		11FFA03424B786E200711178 /* LaunchScreen.storyboard */ = {
			isa = PBXVariantGroup;
			children = (
				11FFA03524B786E200711178 /* Base */,
			);
			name = LaunchScreen.storyboard;
			sourceTree = "<group>";
		};
/* End PBXVariantGroup section */

/* Begin XCBuildConfiguration section */
		11FFA04E24B786E300711178 /* Debug */ = {
			isa = XCBuildConfiguration;
			buildSettings = {
				ALWAYS_SEARCH_USER_PATHS = NO;
				CLANG_ANALYZER_NONNULL = YES;
				CLANG_ANALYZER_NUMBER_OBJECT_CONVERSION = YES_AGGRESSIVE;
				CLANG_CXX_LANGUAGE_STANDARD = "gnu++14";
				CLANG_CXX_LIBRARY = "libc++";
				CLANG_ENABLE_MODULES = YES;
				CLANG_ENABLE_OBJC_ARC = YES;
				CLANG_ENABLE_OBJC_WEAK = YES;
				CLANG_WARN_BLOCK_CAPTURE_AUTORELEASING = YES;
				CLANG_WARN_BOOL_CONVERSION = YES;
				CLANG_WARN_COMMA = YES;
				CLANG_WARN_CONSTANT_CONVERSION = YES;
				CLANG_WARN_DEPRECATED_OBJC_IMPLEMENTATIONS = YES;
				CLANG_WARN_DIRECT_OBJC_ISA_USAGE = YES_ERROR;
				CLANG_WARN_DOCUMENTATION_COMMENTS = YES;
				CLANG_WARN_EMPTY_BODY = YES;
				CLANG_WARN_ENUM_CONVERSION = YES;
				CLANG_WARN_INFINITE_RECURSION = YES;
				CLANG_WARN_INT_CONVERSION = YES;
				CLANG_WARN_NON_LITERAL_NULL_CONVERSION = YES;
				CLANG_WARN_OBJC_IMPLICIT_RETAIN_SELF = YES;
				CLANG_WARN_OBJC_LITERAL_CONVERSION = YES;
				CLANG_WARN_OBJC_ROOT_CLASS = YES_ERROR;
				CLANG_WARN_RANGE_LOOP_ANALYSIS = YES;
				CLANG_WARN_STRICT_PROTOTYPES = YES;
				CLANG_WARN_SUSPICIOUS_MOVE = YES;
				CLANG_WARN_UNGUARDED_AVAILABILITY = YES_AGGRESSIVE;
				CLANG_WARN_UNREACHABLE_CODE = YES;
				CLANG_WARN__DUPLICATE_METHOD_MATCH = YES;
				COPY_PHASE_STRIP = NO;
				DEBUG_INFORMATION_FORMAT = dwarf;
				ENABLE_STRICT_OBJC_MSGSEND = YES;
				ENABLE_TESTABILITY = YES;
				GCC_C_LANGUAGE_STANDARD = gnu11;
				GCC_DYNAMIC_NO_PIC = NO;
				GCC_NO_COMMON_BLOCKS = YES;
				GCC_OPTIMIZATION_LEVEL = 0;
				GCC_PREPROCESSOR_DEFINITIONS = (
					"DEBUG=1",
					"$(inherited)",
				);
				GCC_WARN_64_TO_32_BIT_CONVERSION = YES;
				GCC_WARN_ABOUT_RETURN_TYPE = YES_ERROR;
				GCC_WARN_UNDECLARED_SELECTOR = YES;
				GCC_WARN_UNINITIALIZED_AUTOS = YES_AGGRESSIVE;
				GCC_WARN_UNUSED_FUNCTION = YES;
				GCC_WARN_UNUSED_VARIABLE = YES;
				IPHONEOS_DEPLOYMENT_TARGET = 13.2;
				MTL_ENABLE_DEBUG_INFO = INCLUDE_SOURCE;
				MTL_FAST_MATH = YES;
				ONLY_ACTIVE_ARCH = YES;
				SDKROOT = iphoneos;
				SWIFT_ACTIVE_COMPILATION_CONDITIONS = DEBUG;
				SWIFT_OPTIMIZATION_LEVEL = "-Onone";
			};
			name = Debug;
		};
		11FFA04F24B786E300711178 /* Release */ = {
			isa = XCBuildConfiguration;
			buildSettings = {
				ALWAYS_SEARCH_USER_PATHS = NO;
				CLANG_ANALYZER_NONNULL = YES;
				CLANG_ANALYZER_NUMBER_OBJECT_CONVERSION = YES_AGGRESSIVE;
				CLANG_CXX_LANGUAGE_STANDARD = "gnu++14";
				CLANG_CXX_LIBRARY = "libc++";
				CLANG_ENABLE_MODULES = YES;
				CLANG_ENABLE_OBJC_ARC = YES;
				CLANG_ENABLE_OBJC_WEAK = YES;
				CLANG_WARN_BLOCK_CAPTURE_AUTORELEASING = YES;
				CLANG_WARN_BOOL_CONVERSION = YES;
				CLANG_WARN_COMMA = YES;
				CLANG_WARN_CONSTANT_CONVERSION = YES;
				CLANG_WARN_DEPRECATED_OBJC_IMPLEMENTATIONS = YES;
				CLANG_WARN_DIRECT_OBJC_ISA_USAGE = YES_ERROR;
				CLANG_WARN_DOCUMENTATION_COMMENTS = YES;
				CLANG_WARN_EMPTY_BODY = YES;
				CLANG_WARN_ENUM_CONVERSION = YES;
				CLANG_WARN_INFINITE_RECURSION = YES;
				CLANG_WARN_INT_CONVERSION = YES;
				CLANG_WARN_NON_LITERAL_NULL_CONVERSION = YES;
				CLANG_WARN_OBJC_IMPLICIT_RETAIN_SELF = YES;
				CLANG_WARN_OBJC_LITERAL_CONVERSION = YES;
				CLANG_WARN_OBJC_ROOT_CLASS = YES_ERROR;
				CLANG_WARN_RANGE_LOOP_ANALYSIS = YES;
				CLANG_WARN_STRICT_PROTOTYPES = YES;
				CLANG_WARN_SUSPICIOUS_MOVE = YES;
				CLANG_WARN_UNGUARDED_AVAILABILITY = YES_AGGRESSIVE;
				CLANG_WARN_UNREACHABLE_CODE = YES;
				CLANG_WARN__DUPLICATE_METHOD_MATCH = YES;
				COPY_PHASE_STRIP = NO;
				DEBUG_INFORMATION_FORMAT = "dwarf-with-dsym";
				ENABLE_NS_ASSERTIONS = NO;
				ENABLE_STRICT_OBJC_MSGSEND = YES;
				GCC_C_LANGUAGE_STANDARD = gnu11;
				GCC_NO_COMMON_BLOCKS = YES;
				GCC_WARN_64_TO_32_BIT_CONVERSION = YES;
				GCC_WARN_ABOUT_RETURN_TYPE = YES_ERROR;
				GCC_WARN_UNDECLARED_SELECTOR = YES;
				GCC_WARN_UNINITIALIZED_AUTOS = YES_AGGRESSIVE;
				GCC_WARN_UNUSED_FUNCTION = YES;
				GCC_WARN_UNUSED_VARIABLE = YES;
				IPHONEOS_DEPLOYMENT_TARGET = 13.2;
				MTL_ENABLE_DEBUG_INFO = NO;
				MTL_FAST_MATH = YES;
				SDKROOT = iphoneos;
				SWIFT_COMPILATION_MODE = wholemodule;
				SWIFT_OPTIMIZATION_LEVEL = "-O";
				VALIDATE_PRODUCT = YES;
			};
			name = Release;
		};
		11FFA05124B786E300711178 /* Debug */ = {
			isa = XCBuildConfiguration;
			buildSettings = {
				ASSETCATALOG_COMPILER_APPICON_NAME = AppIcon;
				CODE_SIGN_STYLE = Automatic;
				DEVELOPMENT_ASSET_PATHS = "\"formularios/Preview Content\"";
				ENABLE_PREVIEWS = YES;
				INFOPLIST_FILE = formularios/Info.plist;
				LD_RUNPATH_SEARCH_PATHS = (
					"$(inherited)",
					"@executable_path/Frameworks",
				);
				PRODUCT_BUNDLE_IDENTIFIER = com.hamue.formularios;
				PRODUCT_NAME = "$(TARGET_NAME)";
				SWIFT_VERSION = 5.0;
				TARGETED_DEVICE_FAMILY = "1,2";
			};
			name = Debug;
		};
		11FFA05224B786E300711178 /* Release */ = {
			isa = XCBuildConfiguration;
			buildSettings = {
				ASSETCATALOG_COMPILER_APPICON_NAME = AppIcon;
				CODE_SIGN_STYLE = Automatic;
				DEVELOPMENT_ASSET_PATHS = "\"formularios/Preview Content\"";
				ENABLE_PREVIEWS = YES;
				INFOPLIST_FILE = formularios/Info.plist;
				LD_RUNPATH_SEARCH_PATHS = (
					"$(inherited)",
					"@executable_path/Frameworks",
				);
				PRODUCT_BUNDLE_IDENTIFIER = com.hamue.formularios;
				PRODUCT_NAME = "$(TARGET_NAME)";
				SWIFT_VERSION = 5.0;
				TARGETED_DEVICE_FAMILY = "1,2";
			};
			name = Release;
		};
		11FFA05424B786E300711178 /* Debug */ = {
			isa = XCBuildConfiguration;
			buildSettings = {
				ALWAYS_EMBED_SWIFT_STANDARD_LIBRARIES = YES;
				BUNDLE_LOADER = "$(TEST_HOST)";
				CODE_SIGN_STYLE = Automatic;
				INFOPLIST_FILE = formulariosTests/Info.plist;
				IPHONEOS_DEPLOYMENT_TARGET = 13.2;
				LD_RUNPATH_SEARCH_PATHS = (
					"$(inherited)",
					"@executable_path/Frameworks",
					"@loader_path/Frameworks",
				);
				PRODUCT_BUNDLE_IDENTIFIER = com.hamue.formulariosTests;
				PRODUCT_NAME = "$(TARGET_NAME)";
				SWIFT_VERSION = 5.0;
				TARGETED_DEVICE_FAMILY = "1,2";
				TEST_HOST = "$(BUILT_PRODUCTS_DIR)/formularios.app/formularios";
			};
			name = Debug;
		};
		11FFA05524B786E300711178 /* Release */ = {
			isa = XCBuildConfiguration;
			buildSettings = {
				ALWAYS_EMBED_SWIFT_STANDARD_LIBRARIES = YES;
				BUNDLE_LOADER = "$(TEST_HOST)";
				CODE_SIGN_STYLE = Automatic;
				INFOPLIST_FILE = formulariosTests/Info.plist;
				IPHONEOS_DEPLOYMENT_TARGET = 13.2;
				LD_RUNPATH_SEARCH_PATHS = (
					"$(inherited)",
					"@executable_path/Frameworks",
					"@loader_path/Frameworks",
				);
				PRODUCT_BUNDLE_IDENTIFIER = com.hamue.formulariosTests;
				PRODUCT_NAME = "$(TARGET_NAME)";
				SWIFT_VERSION = 5.0;
				TARGETED_DEVICE_FAMILY = "1,2";
				TEST_HOST = "$(BUILT_PRODUCTS_DIR)/formularios.app/formularios";
			};
			name = Release;
		};
		11FFA05724B786E300711178 /* Debug */ = {
			isa = XCBuildConfiguration;
			buildSettings = {
				ALWAYS_EMBED_SWIFT_STANDARD_LIBRARIES = YES;
				CODE_SIGN_STYLE = Automatic;
				INFOPLIST_FILE = formulariosUITests/Info.plist;
				LD_RUNPATH_SEARCH_PATHS = (
					"$(inherited)",
					"@executable_path/Frameworks",
					"@loader_path/Frameworks",
				);
				PRODUCT_BUNDLE_IDENTIFIER = com.hamue.formulariosUITests;
				PRODUCT_NAME = "$(TARGET_NAME)";
				SWIFT_VERSION = 5.0;
				TARGETED_DEVICE_FAMILY = "1,2";
				TEST_TARGET_NAME = formularios;
			};
			name = Debug;
		};
		11FFA05824B786E300711178 /* Release */ = {
			isa = XCBuildConfiguration;
			buildSettings = {
				ALWAYS_EMBED_SWIFT_STANDARD_LIBRARIES = YES;
				CODE_SIGN_STYLE = Automatic;
				INFOPLIST_FILE = formulariosUITests/Info.plist;
				LD_RUNPATH_SEARCH_PATHS = (
					"$(inherited)",
					"@executable_path/Frameworks",
					"@loader_path/Frameworks",
				);
				PRODUCT_BUNDLE_IDENTIFIER = com.hamue.formulariosUITests;
				PRODUCT_NAME = "$(TARGET_NAME)";
				SWIFT_VERSION = 5.0;
				TARGETED_DEVICE_FAMILY = "1,2";
				TEST_TARGET_NAME = formularios;
			};
			name = Release;
		};
/* End XCBuildConfiguration section */

/* Begin XCConfigurationList section */
		11FFA01E24B786DF00711178 /* Build configuration list for PBXProject "formularios" */ = {
			isa = XCConfigurationList;
			buildConfigurations = (
				11FFA04E24B786E300711178 /* Debug */,
				11FFA04F24B786E300711178 /* Release */,
			);
			defaultConfigurationIsVisible = 0;
			defaultConfigurationName = Release;
		};
		11FFA05024B786E300711178 /* Build configuration list for PBXNativeTarget "formularios" */ = {
			isa = XCConfigurationList;
			buildConfigurations = (
				11FFA05124B786E300711178 /* Debug */,
				11FFA05224B786E300711178 /* Release */,
			);
			defaultConfigurationIsVisible = 0;
			defaultConfigurationName = Release;
		};
		11FFA05324B786E300711178 /* Build configuration list for PBXNativeTarget "formulariosTests" */ = {
			isa = XCConfigurationList;
			buildConfigurations = (
				11FFA05424B786E300711178 /* Debug */,
				11FFA05524B786E300711178 /* Release */,
			);
			defaultConfigurationIsVisible = 0;
			defaultConfigurationName = Release;
		};
		11FFA05624B786E300711178 /* Build configuration list for PBXNativeTarget "formulariosUITests" */ = {
			isa = XCConfigurationList;
			buildConfigurations = (
				11FFA05724B786E300711178 /* Debug */,
				11FFA05824B786E300711178 /* Release */,
			);
			defaultConfigurationIsVisible = 0;
			defaultConfigurationName = Release;
		};
/* End XCConfigurationList section */

/* Begin XCVersionGroup section */
		11FFA02A24B786DF00711178 /* formularios.xcdatamodeld */ = {
			isa = XCVersionGroup;
			children = (
				11FFA02B24B786DF00711178 /* formularios.xcdatamodel */,
			);
			currentVersion = 11FFA02B24B786DF00711178 /* formularios.xcdatamodel */;
			path = formularios.xcdatamodeld;
			sourceTree = "<group>";
			versionGroupType = wrapper.xcdatamodel;
		};
/* End XCVersionGroup section */
	};
	rootObject = 11FFA01B24B786DF00711178 /* Project object */;
}
