// !$*UTF8*$!
{
	archiveVersion = 1;
	classes = {
	};
	objectVersion = 50;
	objects = {

/* Begin PBXBuildFile section */
		117DE87E24AE383800C570C1 /* AppDelegate.swift in Sources */ = {isa = PBXBuildFile; fileRef = 117DE87D24AE383800C570C1 /* AppDelegate.swift */; };
		117DE88024AE383800C570C1 /* SceneDelegate.swift in Sources */ = {isa = PBXBuildFile; fileRef = 117DE87F24AE383800C570C1 /* SceneDelegate.swift */; };
		117DE88324AE383800C570C1 /* Tarea_10App.xcdatamodeld in Sources */ = {isa = PBXBuildFile; fileRef = 117DE88124AE383800C570C1 /* Tarea_10App.xcdatamodeld */; };
		117DE88524AE383800C570C1 /* ContentView.swift in Sources */ = {isa = PBXBuildFile; fileRef = 117DE88424AE383800C570C1 /* ContentView.swift */; };
		117DE88724AE383C00C570C1 /* Assets.xcassets in Resources */ = {isa = PBXBuildFile; fileRef = 117DE88624AE383C00C570C1 /* Assets.xcassets */; };
		117DE88A24AE383C00C570C1 /* Preview Assets.xcassets in Resources */ = {isa = PBXBuildFile; fileRef = 117DE88924AE383C00C570C1 /* Preview Assets.xcassets */; };
		117DE88D24AE383C00C570C1 /* LaunchScreen.storyboard in Resources */ = {isa = PBXBuildFile; fileRef = 117DE88B24AE383C00C570C1 /* LaunchScreen.storyboard */; };
		117DE89824AE383D00C570C1 /* Tarea_10AppTests.swift in Sources */ = {isa = PBXBuildFile; fileRef = 117DE89724AE383D00C570C1 /* Tarea_10AppTests.swift */; };
		117DE8A324AE383D00C570C1 /* Tarea_10AppUITests.swift in Sources */ = {isa = PBXBuildFile; fileRef = 117DE8A224AE383D00C570C1 /* Tarea_10AppUITests.swift */; };
/* End PBXBuildFile section */

/* Begin PBXContainerItemProxy section */
		117DE89424AE383D00C570C1 /* PBXContainerItemProxy */ = {
			isa = PBXContainerItemProxy;
			containerPortal = 117DE87224AE383800C570C1 /* Project object */;
			proxyType = 1;
			remoteGlobalIDString = 117DE87924AE383800C570C1;
			remoteInfo = "Tarea 10App";
		};
		117DE89F24AE383D00C570C1 /* PBXContainerItemProxy */ = {
			isa = PBXContainerItemProxy;
			containerPortal = 117DE87224AE383800C570C1 /* Project object */;
			proxyType = 1;
			remoteGlobalIDString = 117DE87924AE383800C570C1;
			remoteInfo = "Tarea 10App";
		};
/* End PBXContainerItemProxy section */

/* Begin PBXFileReference section */
		117DE87A24AE383800C570C1 /* Tarea 10App.app */ = {isa = PBXFileReference; explicitFileType = wrapper.application; includeInIndex = 0; path = "Tarea 10App.app"; sourceTree = BUILT_PRODUCTS_DIR; };
		117DE87D24AE383800C570C1 /* AppDelegate.swift */ = {isa = PBXFileReference; lastKnownFileType = sourcecode.swift; path = AppDelegate.swift; sourceTree = "<group>"; };
		117DE87F24AE383800C570C1 /* SceneDelegate.swift */ = {isa = PBXFileReference; lastKnownFileType = sourcecode.swift; path = SceneDelegate.swift; sourceTree = "<group>"; };
		117DE88224AE383800C570C1 /* Tarea_10App.xcdatamodel */ = {isa = PBXFileReference; lastKnownFileType = wrapper.xcdatamodel; path = Tarea_10App.xcdatamodel; sourceTree = "<group>"; };
		117DE88424AE383800C570C1 /* ContentView.swift */ = {isa = PBXFileReference; lastKnownFileType = sourcecode.swift; path = ContentView.swift; sourceTree = "<group>"; };
		117DE88624AE383C00C570C1 /* Assets.xcassets */ = {isa = PBXFileReference; lastKnownFileType = folder.assetcatalog; path = Assets.xcassets; sourceTree = "<group>"; };
		117DE88924AE383C00C570C1 /* Preview Assets.xcassets */ = {isa = PBXFileReference; lastKnownFileType = folder.assetcatalog; path = "Preview Assets.xcassets"; sourceTree = "<group>"; };
		117DE88C24AE383C00C570C1 /* Base */ = {isa = PBXFileReference; lastKnownFileType = file.storyboard; name = Base; path = Base.lproj/LaunchScreen.storyboard; sourceTree = "<group>"; };
		117DE88E24AE383C00C570C1 /* Info.plist */ = {isa = PBXFileReference; lastKnownFileType = text.plist.xml; path = Info.plist; sourceTree = "<group>"; };
		117DE89324AE383D00C570C1 /* Tarea 10AppTests.xctest */ = {isa = PBXFileReference; explicitFileType = wrapper.cfbundle; includeInIndex = 0; path = "Tarea 10AppTests.xctest"; sourceTree = BUILT_PRODUCTS_DIR; };
		117DE89724AE383D00C570C1 /* Tarea_10AppTests.swift */ = {isa = PBXFileReference; lastKnownFileType = sourcecode.swift; path = Tarea_10AppTests.swift; sourceTree = "<group>"; };
		117DE89924AE383D00C570C1 /* Info.plist */ = {isa = PBXFileReference; lastKnownFileType = text.plist.xml; path = Info.plist; sourceTree = "<group>"; };
		117DE89E24AE383D00C570C1 /* Tarea 10AppUITests.xctest */ = {isa = PBXFileReference; explicitFileType = wrapper.cfbundle; includeInIndex = 0; path = "Tarea 10AppUITests.xctest"; sourceTree = BUILT_PRODUCTS_DIR; };
		117DE8A224AE383D00C570C1 /* Tarea_10AppUITests.swift */ = {isa = PBXFileReference; lastKnownFileType = sourcecode.swift; path = Tarea_10AppUITests.swift; sourceTree = "<group>"; };
		117DE8A424AE383D00C570C1 /* Info.plist */ = {isa = PBXFileReference; lastKnownFileType = text.plist.xml; path = Info.plist; sourceTree = "<group>"; };
/* End PBXFileReference section */

/* Begin PBXFrameworksBuildPhase section */
		117DE87724AE383800C570C1 /* Frameworks */ = {
			isa = PBXFrameworksBuildPhase;
			buildActionMask = 2147483647;
			files = (
			);
			runOnlyForDeploymentPostprocessing = 0;
		};
		117DE89024AE383D00C570C1 /* Frameworks */ = {
			isa = PBXFrameworksBuildPhase;
			buildActionMask = 2147483647;
			files = (
			);
			runOnlyForDeploymentPostprocessing = 0;
		};
		117DE89B24AE383D00C570C1 /* Frameworks */ = {
			isa = PBXFrameworksBuildPhase;
			buildActionMask = 2147483647;
			files = (
			);
			runOnlyForDeploymentPostprocessing = 0;
		};
/* End PBXFrameworksBuildPhase section */

/* Begin PBXGroup section */
		117DE87124AE383800C570C1 = {
			isa = PBXGroup;
			children = (
				117DE87C24AE383800C570C1 /* Tarea 10App */,
				117DE89624AE383D00C570C1 /* Tarea 10AppTests */,
				117DE8A124AE383D00C570C1 /* Tarea 10AppUITests */,
				117DE87B24AE383800C570C1 /* Products */,
			);
			sourceTree = "<group>";
		};
		117DE87B24AE383800C570C1 /* Products */ = {
			isa = PBXGroup;
			children = (
				117DE87A24AE383800C570C1 /* Tarea 10App.app */,
				117DE89324AE383D00C570C1 /* Tarea 10AppTests.xctest */,
				117DE89E24AE383D00C570C1 /* Tarea 10AppUITests.xctest */,
			);
			name = Products;
			sourceTree = "<group>";
		};
		117DE87C24AE383800C570C1 /* Tarea 10App */ = {
			isa = PBXGroup;
			children = (
				117DE87D24AE383800C570C1 /* AppDelegate.swift */,
				117DE87F24AE383800C570C1 /* SceneDelegate.swift */,
				117DE88424AE383800C570C1 /* ContentView.swift */,
				117DE88624AE383C00C570C1 /* Assets.xcassets */,
				117DE88B24AE383C00C570C1 /* LaunchScreen.storyboard */,
				117DE88E24AE383C00C570C1 /* Info.plist */,
				117DE88124AE383800C570C1 /* Tarea_10App.xcdatamodeld */,
				117DE88824AE383C00C570C1 /* Preview Content */,
			);
			path = "Tarea 10App";
			sourceTree = "<group>";
		};
		117DE88824AE383C00C570C1 /* Preview Content */ = {
			isa = PBXGroup;
			children = (
				117DE88924AE383C00C570C1 /* Preview Assets.xcassets */,
			);
			path = "Preview Content";
			sourceTree = "<group>";
		};
		117DE89624AE383D00C570C1 /* Tarea 10AppTests */ = {
			isa = PBXGroup;
			children = (
				117DE89724AE383D00C570C1 /* Tarea_10AppTests.swift */,
				117DE89924AE383D00C570C1 /* Info.plist */,
			);
			path = "Tarea 10AppTests";
			sourceTree = "<group>";
		};
		117DE8A124AE383D00C570C1 /* Tarea 10AppUITests */ = {
			isa = PBXGroup;
			children = (
				117DE8A224AE383D00C570C1 /* Tarea_10AppUITests.swift */,
				117DE8A424AE383D00C570C1 /* Info.plist */,
			);
			path = "Tarea 10AppUITests";
			sourceTree = "<group>";
		};
/* End PBXGroup section */

/* Begin PBXNativeTarget section */
		117DE87924AE383800C570C1 /* Tarea 10App */ = {
			isa = PBXNativeTarget;
			buildConfigurationList = 117DE8A724AE383D00C570C1 /* Build configuration list for PBXNativeTarget "Tarea 10App" */;
			buildPhases = (
				117DE87624AE383800C570C1 /* Sources */,
				117DE87724AE383800C570C1 /* Frameworks */,
				117DE87824AE383800C570C1 /* Resources */,
			);
			buildRules = (
			);
			dependencies = (
			);
			name = "Tarea 10App";
			productName = "Tarea 10App";
			productReference = 117DE87A24AE383800C570C1 /* Tarea 10App.app */;
			productType = "com.apple.product-type.application";
		};
		117DE89224AE383D00C570C1 /* Tarea 10AppTests */ = {
			isa = PBXNativeTarget;
			buildConfigurationList = 117DE8AA24AE383D00C570C1 /* Build configuration list for PBXNativeTarget "Tarea 10AppTests" */;
			buildPhases = (
				117DE88F24AE383D00C570C1 /* Sources */,
				117DE89024AE383D00C570C1 /* Frameworks */,
				117DE89124AE383D00C570C1 /* Resources */,
			);
			buildRules = (
			);
			dependencies = (
				117DE89524AE383D00C570C1 /* PBXTargetDependency */,
			);
			name = "Tarea 10AppTests";
			productName = "Tarea 10AppTests";
			productReference = 117DE89324AE383D00C570C1 /* Tarea 10AppTests.xctest */;
			productType = "com.apple.product-type.bundle.unit-test";
		};
		117DE89D24AE383D00C570C1 /* Tarea 10AppUITests */ = {
			isa = PBXNativeTarget;
			buildConfigurationList = 117DE8AD24AE383D00C570C1 /* Build configuration list for PBXNativeTarget "Tarea 10AppUITests" */;
			buildPhases = (
				117DE89A24AE383D00C570C1 /* Sources */,
				117DE89B24AE383D00C570C1 /* Frameworks */,
				117DE89C24AE383D00C570C1 /* Resources */,
			);
			buildRules = (
			);
			dependencies = (
				117DE8A024AE383D00C570C1 /* PBXTargetDependency */,
			);
			name = "Tarea 10AppUITests";
			productName = "Tarea 10AppUITests";
			productReference = 117DE89E24AE383D00C570C1 /* Tarea 10AppUITests.xctest */;
			productType = "com.apple.product-type.bundle.ui-testing";
		};
/* End PBXNativeTarget section */

/* Begin PBXProject section */
		117DE87224AE383800C570C1 /* Project object */ = {
			isa = PBXProject;
			attributes = {
				LastSwiftUpdateCheck = 1130;
				LastUpgradeCheck = 1130;
				ORGANIZATIONNAME = "Pedro Hamue";
				TargetAttributes = {
					117DE87924AE383800C570C1 = {
						CreatedOnToolsVersion = 11.3.1;
					};
					117DE89224AE383D00C570C1 = {
						CreatedOnToolsVersion = 11.3.1;
						TestTargetID = 117DE87924AE383800C570C1;
					};
					117DE89D24AE383D00C570C1 = {
						CreatedOnToolsVersion = 11.3.1;
						TestTargetID = 117DE87924AE383800C570C1;
					};
				};
			};
			buildConfigurationList = 117DE87524AE383800C570C1 /* Build configuration list for PBXProject "Tarea 10App" */;
			compatibilityVersion = "Xcode 9.3";
			developmentRegion = en;
			hasScannedForEncodings = 0;
			knownRegions = (
				en,
				Base,
			);
			mainGroup = 117DE87124AE383800C570C1;
			productRefGroup = 117DE87B24AE383800C570C1 /* Products */;
			projectDirPath = "";
			projectRoot = "";
			targets = (
				117DE87924AE383800C570C1 /* Tarea 10App */,
				117DE89224AE383D00C570C1 /* Tarea 10AppTests */,
				117DE89D24AE383D00C570C1 /* Tarea 10AppUITests */,
			);
		};
/* End PBXProject section */

/* Begin PBXResourcesBuildPhase section */
		117DE87824AE383800C570C1 /* Resources */ = {
			isa = PBXResourcesBuildPhase;
			buildActionMask = 2147483647;
			files = (
				117DE88D24AE383C00C570C1 /* LaunchScreen.storyboard in Resources */,
				117DE88A24AE383C00C570C1 /* Preview Assets.xcassets in Resources */,
				117DE88724AE383C00C570C1 /* Assets.xcassets in Resources */,
			);
			runOnlyForDeploymentPostprocessing = 0;
		};
		117DE89124AE383D00C570C1 /* Resources */ = {
			isa = PBXResourcesBuildPhase;
			buildActionMask = 2147483647;
			files = (
			);
			runOnlyForDeploymentPostprocessing = 0;
		};
		117DE89C24AE383D00C570C1 /* Resources */ = {
			isa = PBXResourcesBuildPhase;
			buildActionMask = 2147483647;
			files = (
			);
			runOnlyForDeploymentPostprocessing = 0;
		};
/* End PBXResourcesBuildPhase section */

/* Begin PBXSourcesBuildPhase section */
		117DE87624AE383800C570C1 /* Sources */ = {
			isa = PBXSourcesBuildPhase;
			buildActionMask = 2147483647;
			files = (
				117DE87E24AE383800C570C1 /* AppDelegate.swift in Sources */,
				117DE88024AE383800C570C1 /* SceneDelegate.swift in Sources */,
				117DE88524AE383800C570C1 /* ContentView.swift in Sources */,
				117DE88324AE383800C570C1 /* Tarea_10App.xcdatamodeld in Sources */,
			);
			runOnlyForDeploymentPostprocessing = 0;
		};
		117DE88F24AE383D00C570C1 /* Sources */ = {
			isa = PBXSourcesBuildPhase;
			buildActionMask = 2147483647;
			files = (
				117DE89824AE383D00C570C1 /* Tarea_10AppTests.swift in Sources */,
			);
			runOnlyForDeploymentPostprocessing = 0;
		};
		117DE89A24AE383D00C570C1 /* Sources */ = {
			isa = PBXSourcesBuildPhase;
			buildActionMask = 2147483647;
			files = (
				117DE8A324AE383D00C570C1 /* Tarea_10AppUITests.swift in Sources */,
			);
			runOnlyForDeploymentPostprocessing = 0;
		};
/* End PBXSourcesBuildPhase section */

/* Begin PBXTargetDependency section */
		117DE89524AE383D00C570C1 /* PBXTargetDependency */ = {
			isa = PBXTargetDependency;
			target = 117DE87924AE383800C570C1 /* Tarea 10App */;
			targetProxy = 117DE89424AE383D00C570C1 /* PBXContainerItemProxy */;
		};
		117DE8A024AE383D00C570C1 /* PBXTargetDependency */ = {
			isa = PBXTargetDependency;
			target = 117DE87924AE383800C570C1 /* Tarea 10App */;
			targetProxy = 117DE89F24AE383D00C570C1 /* PBXContainerItemProxy */;
		};
/* End PBXTargetDependency section */

/* Begin PBXVariantGroup section */
		117DE88B24AE383C00C570C1 /* LaunchScreen.storyboard */ = {
			isa = PBXVariantGroup;
			children = (
				117DE88C24AE383C00C570C1 /* Base */,
			);
			name = LaunchScreen.storyboard;
			sourceTree = "<group>";
		};
/* End PBXVariantGroup section */

/* Begin XCBuildConfiguration section */
		117DE8A524AE383D00C570C1 /* Debug */ = {
			isa = XCBuildConfiguration;
			buildSettings = {
				ALWAYS_SEARCH_USER_PATHS = NO;
				CLANG_ANALYZER_NONNULL = YES;
				CLANG_ANALYZER_NUMBER_OBJECT_CONVERSION = YES_AGGRESSIVE;
				CLANG_CXX_LANGUAGE_STANDARD = "gnu++14";
				CLANG_CXX_LIBRARY = "libc++";
				CLANG_ENABLE_MODULES = YES;
				CLANG_ENABLE_OBJC_ARC = YES;
				CLANG_ENABLE_OBJC_WEAK = YES;
				CLANG_WARN_BLOCK_CAPTURE_AUTORELEASING = YES;
				CLANG_WARN_BOOL_CONVERSION = YES;
				CLANG_WARN_COMMA = YES;
				CLANG_WARN_CONSTANT_CONVERSION = YES;
				CLANG_WARN_DEPRECATED_OBJC_IMPLEMENTATIONS = YES;
				CLANG_WARN_DIRECT_OBJC_ISA_USAGE = YES_ERROR;
				CLANG_WARN_DOCUMENTATION_COMMENTS = YES;
				CLANG_WARN_EMPTY_BODY = YES;
				CLANG_WARN_ENUM_CONVERSION = YES;
				CLANG_WARN_INFINITE_RECURSION = YES;
				CLANG_WARN_INT_CONVERSION = YES;
				CLANG_WARN_NON_LITERAL_NULL_CONVERSION = YES;
				CLANG_WARN_OBJC_IMPLICIT_RETAIN_SELF = YES;
				CLANG_WARN_OBJC_LITERAL_CONVERSION = YES;
				CLANG_WARN_OBJC_ROOT_CLASS = YES_ERROR;
				CLANG_WARN_RANGE_LOOP_ANALYSIS = YES;
				CLANG_WARN_STRICT_PROTOTYPES = YES;
				CLANG_WARN_SUSPICIOUS_MOVE = YES;
				CLANG_WARN_UNGUARDED_AVAILABILITY = YES_AGGRESSIVE;
				CLANG_WARN_UNREACHABLE_CODE = YES;
				CLANG_WARN__DUPLICATE_METHOD_MATCH = YES;
				COPY_PHASE_STRIP = NO;
				DEBUG_INFORMATION_FORMAT = dwarf;
				ENABLE_STRICT_OBJC_MSGSEND = YES;
				ENABLE_TESTABILITY = YES;
				GCC_C_LANGUAGE_STANDARD = gnu11;
				GCC_DYNAMIC_NO_PIC = NO;
				GCC_NO_COMMON_BLOCKS = YES;
				GCC_OPTIMIZATION_LEVEL = 0;
				GCC_PREPROCESSOR_DEFINITIONS = (
					"DEBUG=1",
					"$(inherited)",
				);
				GCC_WARN_64_TO_32_BIT_CONVERSION = YES;
				GCC_WARN_ABOUT_RETURN_TYPE = YES_ERROR;
				GCC_WARN_UNDECLARED_SELECTOR = YES;
				GCC_WARN_UNINITIALIZED_AUTOS = YES_AGGRESSIVE;
				GCC_WARN_UNUSED_FUNCTION = YES;
				GCC_WARN_UNUSED_VARIABLE = YES;
				IPHONEOS_DEPLOYMENT_TARGET = 13.2;
				MTL_ENABLE_DEBUG_INFO = INCLUDE_SOURCE;
				MTL_FAST_MATH = YES;
				ONLY_ACTIVE_ARCH = YES;
				SDKROOT = iphoneos;
				SWIFT_ACTIVE_COMPILATION_CONDITIONS = DEBUG;
				SWIFT_OPTIMIZATION_LEVEL = "-Onone";
			};
			name = Debug;
		};
		117DE8A624AE383D00C570C1 /* Release */ = {
			isa = XCBuildConfiguration;
			buildSettings = {
				ALWAYS_SEARCH_USER_PATHS = NO;
				CLANG_ANALYZER_NONNULL = YES;
				CLANG_ANALYZER_NUMBER_OBJECT_CONVERSION = YES_AGGRESSIVE;
				CLANG_CXX_LANGUAGE_STANDARD = "gnu++14";
				CLANG_CXX_LIBRARY = "libc++";
				CLANG_ENABLE_MODULES = YES;
				CLANG_ENABLE_OBJC_ARC = YES;
				CLANG_ENABLE_OBJC_WEAK = YES;
				CLANG_WARN_BLOCK_CAPTURE_AUTORELEASING = YES;
				CLANG_WARN_BOOL_CONVERSION = YES;
				CLANG_WARN_COMMA = YES;
				CLANG_WARN_CONSTANT_CONVERSION = YES;
				CLANG_WARN_DEPRECATED_OBJC_IMPLEMENTATIONS = YES;
				CLANG_WARN_DIRECT_OBJC_ISA_USAGE = YES_ERROR;
				CLANG_WARN_DOCUMENTATION_COMMENTS = YES;
				CLANG_WARN_EMPTY_BODY = YES;
				CLANG_WARN_ENUM_CONVERSION = YES;
				CLANG_WARN_INFINITE_RECURSION = YES;
				CLANG_WARN_INT_CONVERSION = YES;
				CLANG_WARN_NON_LITERAL_NULL_CONVERSION = YES;
				CLANG_WARN_OBJC_IMPLICIT_RETAIN_SELF = YES;
				CLANG_WARN_OBJC_LITERAL_CONVERSION = YES;
				CLANG_WARN_OBJC_ROOT_CLASS = YES_ERROR;
				CLANG_WARN_RANGE_LOOP_ANALYSIS = YES;
				CLANG_WARN_STRICT_PROTOTYPES = YES;
				CLANG_WARN_SUSPICIOUS_MOVE = YES;
				CLANG_WARN_UNGUARDED_AVAILABILITY = YES_AGGRESSIVE;
				CLANG_WARN_UNREACHABLE_CODE = YES;
				CLANG_WARN__DUPLICATE_METHOD_MATCH = YES;
				COPY_PHASE_STRIP = NO;
				DEBUG_INFORMATION_FORMAT = "dwarf-with-dsym";
				ENABLE_NS_ASSERTIONS = NO;
				ENABLE_STRICT_OBJC_MSGSEND = YES;
				GCC_C_LANGUAGE_STANDARD = gnu11;
				GCC_NO_COMMON_BLOCKS = YES;
				GCC_WARN_64_TO_32_BIT_CONVERSION = YES;
				GCC_WARN_ABOUT_RETURN_TYPE = YES_ERROR;
				GCC_WARN_UNDECLARED_SELECTOR = YES;
				GCC_WARN_UNINITIALIZED_AUTOS = YES_AGGRESSIVE;
				GCC_WARN_UNUSED_FUNCTION = YES;
				GCC_WARN_UNUSED_VARIABLE = YES;
				IPHONEOS_DEPLOYMENT_TARGET = 13.2;
				MTL_ENABLE_DEBUG_INFO = NO;
				MTL_FAST_MATH = YES;
				SDKROOT = iphoneos;
				SWIFT_COMPILATION_MODE = wholemodule;
				SWIFT_OPTIMIZATION_LEVEL = "-O";
				VALIDATE_PRODUCT = YES;
			};
			name = Release;
		};
		117DE8A824AE383D00C570C1 /* Debug */ = {
			isa = XCBuildConfiguration;
			buildSettings = {
				ASSETCATALOG_COMPILER_APPICON_NAME = AppIcon;
				CODE_SIGN_STYLE = Automatic;
				DEVELOPMENT_ASSET_PATHS = "\"Tarea 10App/Preview Content\"";
				ENABLE_PREVIEWS = YES;
				INFOPLIST_FILE = "Tarea 10App/Info.plist";
				LD_RUNPATH_SEARCH_PATHS = (
					"$(inherited)",
					"@executable_path/Frameworks",
				);
				PRODUCT_BUNDLE_IDENTIFIER = "com.hamue.Tarea-10App";
				PRODUCT_NAME = "$(TARGET_NAME)";
				SWIFT_VERSION = 5.0;
				TARGETED_DEVICE_FAMILY = "1,2";
			};
			name = Debug;
		};
		117DE8A924AE383D00C570C1 /* Release */ = {
			isa = XCBuildConfiguration;
			buildSettings = {
				ASSETCATALOG_COMPILER_APPICON_NAME = AppIcon;
				CODE_SIGN_STYLE = Automatic;
				DEVELOPMENT_ASSET_PATHS = "\"Tarea 10App/Preview Content\"";
				ENABLE_PREVIEWS = YES;
				INFOPLIST_FILE = "Tarea 10App/Info.plist";
				LD_RUNPATH_SEARCH_PATHS = (
					"$(inherited)",
					"@executable_path/Frameworks",
				);
				PRODUCT_BUNDLE_IDENTIFIER = "com.hamue.Tarea-10App";
				PRODUCT_NAME = "$(TARGET_NAME)";
				SWIFT_VERSION = 5.0;
				TARGETED_DEVICE_FAMILY = "1,2";
			};
			name = Release;
		};
		117DE8AB24AE383D00C570C1 /* Debug */ = {
			isa = XCBuildConfiguration;
			buildSettings = {
				ALWAYS_EMBED_SWIFT_STANDARD_LIBRARIES = YES;
				BUNDLE_LOADER = "$(TEST_HOST)";
				CODE_SIGN_STYLE = Automatic;
				INFOPLIST_FILE = "Tarea 10AppTests/Info.plist";
				IPHONEOS_DEPLOYMENT_TARGET = 13.2;
				LD_RUNPATH_SEARCH_PATHS = (
					"$(inherited)",
					"@executable_path/Frameworks",
					"@loader_path/Frameworks",
				);
				PRODUCT_BUNDLE_IDENTIFIER = "com.hamue.Tarea-10AppTests";
				PRODUCT_NAME = "$(TARGET_NAME)";
				SWIFT_VERSION = 5.0;
				TARGETED_DEVICE_FAMILY = "1,2";
				TEST_HOST = "$(BUILT_PRODUCTS_DIR)/Tarea 10App.app/Tarea 10App";
			};
			name = Debug;
		};
		117DE8AC24AE383D00C570C1 /* Release */ = {
			isa = XCBuildConfiguration;
			buildSettings = {
				ALWAYS_EMBED_SWIFT_STANDARD_LIBRARIES = YES;
				BUNDLE_LOADER = "$(TEST_HOST)";
				CODE_SIGN_STYLE = Automatic;
				INFOPLIST_FILE = "Tarea 10AppTests/Info.plist";
				IPHONEOS_DEPLOYMENT_TARGET = 13.2;
				LD_RUNPATH_SEARCH_PATHS = (
					"$(inherited)",
					"@executable_path/Frameworks",
					"@loader_path/Frameworks",
				);
				PRODUCT_BUNDLE_IDENTIFIER = "com.hamue.Tarea-10AppTests";
				PRODUCT_NAME = "$(TARGET_NAME)";
				SWIFT_VERSION = 5.0;
				TARGETED_DEVICE_FAMILY = "1,2";
				TEST_HOST = "$(BUILT_PRODUCTS_DIR)/Tarea 10App.app/Tarea 10App";
			};
			name = Release;
		};
		117DE8AE24AE383D00C570C1 /* Debug */ = {
			isa = XCBuildConfiguration;
			buildSettings = {
				ALWAYS_EMBED_SWIFT_STANDARD_LIBRARIES = YES;
				CODE_SIGN_STYLE = Automatic;
				INFOPLIST_FILE = "Tarea 10AppUITests/Info.plist";
				LD_RUNPATH_SEARCH_PATHS = (
					"$(inherited)",
					"@executable_path/Frameworks",
					"@loader_path/Frameworks",
				);
				PRODUCT_BUNDLE_IDENTIFIER = "com.hamue.Tarea-10AppUITests";
				PRODUCT_NAME = "$(TARGET_NAME)";
				SWIFT_VERSION = 5.0;
				TARGETED_DEVICE_FAMILY = "1,2";
				TEST_TARGET_NAME = "Tarea 10App";
			};
			name = Debug;
		};
		117DE8AF24AE383D00C570C1 /* Release */ = {
			isa = XCBuildConfiguration;
			buildSettings = {
				ALWAYS_EMBED_SWIFT_STANDARD_LIBRARIES = YES;
				CODE_SIGN_STYLE = Automatic;
				INFOPLIST_FILE = "Tarea 10AppUITests/Info.plist";
				LD_RUNPATH_SEARCH_PATHS = (
					"$(inherited)",
					"@executable_path/Frameworks",
					"@loader_path/Frameworks",
				);
				PRODUCT_BUNDLE_IDENTIFIER = "com.hamue.Tarea-10AppUITests";
				PRODUCT_NAME = "$(TARGET_NAME)";
				SWIFT_VERSION = 5.0;
				TARGETED_DEVICE_FAMILY = "1,2";
				TEST_TARGET_NAME = "Tarea 10App";
			};
			name = Release;
		};
/* End XCBuildConfiguration section */

/* Begin XCConfigurationList section */
		117DE87524AE383800C570C1 /* Build configuration list for PBXProject "Tarea 10App" */ = {
			isa = XCConfigurationList;
			buildConfigurations = (
				117DE8A524AE383D00C570C1 /* Debug */,
				117DE8A624AE383D00C570C1 /* Release */,
			);
			defaultConfigurationIsVisible = 0;
			defaultConfigurationName = Release;
		};
		117DE8A724AE383D00C570C1 /* Build configuration list for PBXNativeTarget "Tarea 10App" */ = {
			isa = XCConfigurationList;
			buildConfigurations = (
				117DE8A824AE383D00C570C1 /* Debug */,
				117DE8A924AE383D00C570C1 /* Release */,
			);
			defaultConfigurationIsVisible = 0;
			defaultConfigurationName = Release;
		};
		117DE8AA24AE383D00C570C1 /* Build configuration list for PBXNativeTarget "Tarea 10AppTests" */ = {
			isa = XCConfigurationList;
			buildConfigurations = (
				117DE8AB24AE383D00C570C1 /* Debug */,
				117DE8AC24AE383D00C570C1 /* Release */,
			);
			defaultConfigurationIsVisible = 0;
			defaultConfigurationName = Release;
		};
		117DE8AD24AE383D00C570C1 /* Build configuration list for PBXNativeTarget "Tarea 10AppUITests" */ = {
			isa = XCConfigurationList;
			buildConfigurations = (
				117DE8AE24AE383D00C570C1 /* Debug */,
				117DE8AF24AE383D00C570C1 /* Release */,
			);
			defaultConfigurationIsVisible = 0;
			defaultConfigurationName = Release;
		};
/* End XCConfigurationList section */

/* Begin XCVersionGroup section */
		117DE88124AE383800C570C1 /* Tarea_10App.xcdatamodeld */ = {
			isa = XCVersionGroup;
			children = (
				117DE88224AE383800C570C1 /* Tarea_10App.xcdatamodel */,
			);
			currentVersion = 117DE88224AE383800C570C1 /* Tarea_10App.xcdatamodel */;
			path = Tarea_10App.xcdatamodeld;
			sourceTree = "<group>";
			versionGroupType = wrapper.xcdatamodel;
		};
/* End XCVersionGroup section */
	};
	rootObject = 117DE87224AE383800C570C1 /* Project object */;
}
